
Microsoft Visual Studio Solution File, Format Version 12.00
# Visual Studio Version 17
VisualStudioVersion = 17.5.002.0
MinimumVisualStudioVersion = 10.0.40219.1
Project("{2150E333-8FDC-42A3-9474-1A3956D46DE8}") = "csharp", "csharp", "{75E6CA24-9FE8-4335-91FF-98D85E67F56E}"
EndProject
Project("{9A19103F-16F7-4668-BE54-9A1E7A4F7556}") = "DhondtCalculator", "csharp\DhondtCalculator\DhondtCalculator.csproj", "{C20E6457-21E9-42DB-BCAC-A285450B8620}"
EndProject
Global
	GlobalSection(SolutionConfigurationPlatforms) = preSolution
		Debug|Any CPU = Debug|Any CPU
		Release|Any CPU = Release|Any CPU
	EndGlobalSection
	GlobalSection(ProjectConfigurationPlatforms) = postSolution
		{C20E6457-21E9-42DB-BCAC-A285450B8620}.Debug|Any CPU.ActiveCfg = Debug|Any CPU
		{C20E6457-21E9-42DB-BCAC-A285450B8620}.Debug|Any CPU.Build.0 = Debug|Any CPU
		{C20E6457-21E9-42DB-BCAC-A285450B8620}.Release|Any CPU.ActiveCfg = Release|Any CPU
		{C20E6457-21E9-42DB-BCAC-A285450B8620}.Release|Any CPU.Build.0 = Release|Any CPU
	EndGlobalSection
	GlobalSection(SolutionProperties) = preSolution
		HideSolutionNode = FALSE
	EndGlobalSection
	GlobalSection(NestedProjects) = preSolution
		{C20E6457-21E9-42DB-BCAC-A285450B8620} = {75E6CA24-9FE8-4335-91FF-98D85E67F56E}
	EndGlobalSection
	GlobalSection(ExtensibilityGlobals) = postSolution
		SolutionGuid = {8C4F421F-5196-441F-A345-D6911B3F1CB8}
	EndGlobalSection
EndGlobal
